{
  "originHash" : "422381304893946ee2caaa23bada3bc39c4c8131c4ff49ea5949ce458dafd82e",
  "pins" : [
    {
      "identity" : "highlightswift",
      "kind" : "remoteSourceControl",
      "location" : "https://github.com/appstefan/highlightswift.git",
      "state" : {
        "revision" : "784ca3ccfc8a2cf724fbb2f06cb6ec3329424da3",
        "version" : "1.1.0"
      }
    },
    {
      "identity" : "lui",
      "kind" : "remoteSourceControl",
      "location" : "ssh://git@github.com/logseq/lui.git",
      "state" : {
        "revision" : "0e491ba080db0641af1a393cef1dc0e5a3d3c659"
      }
    },
    {
      "identity" : "swiftui-math",
      "kind" : "remoteSourceControl",
      "location" : "https://github.com/gonzalezreal/swiftui-math",
      "state" : {
        "revision" : "0b5c2cfaaec8d6193db206f675048eeb5ce95f71",
        "version" : "0.1.0"
      }
    }
  ],
  "version" : 3
}
