{
  "originHash" : "4e4675b52201635b3a6494affd1e26d51890f84cdd9855f870b15768b0d3fd3a",
  "pins" : [
    {
      "identity" : "highlightswift",
      "kind" : "remoteSourceControl",
      "location" : "https://github.com/appstefan/highlightswift.git",
      "state" : {
        "revision" : "784ca3ccfc8a2cf724fbb2f06cb6ec3329424da3",
        "version" : "1.1.0"
      }
    },
    {
      "identity" : "lui",
      "kind" : "remoteSourceControl",
      "location" : "ssh://git@github.com/logseq/lui.git",
      "state" : {
        "branch" : "ece3725",
        "revision" : "ece37255288bf6e067e96ba3f5de3e0335fe504c"
      }
    },
    {
      "identity" : "swiftui-math",
      "kind" : "remoteSourceControl",
      "location" : "https://github.com/gonzalezreal/swiftui-math",
      "state" : {
        "revision" : "0b5c2cfaaec8d6193db206f675048eeb5ce95f71",
        "version" : "0.1.0"
      }
    }
  ],
  "version" : 3
}
