{
  "originHash" : "95360ea85c846a4a2655c81c615521c2d64d2de6e4f150207def2adc2ea40933",
  "pins" : [
    {
      "identity" : "highlightswift",
      "kind" : "remoteSourceControl",
      "location" : "https://github.com/appstefan/highlightswift.git",
      "state" : {
        "revision" : "784ca3ccfc8a2cf724fbb2f06cb6ec3329424da3",
        "version" : "1.1.0"
      }
    },
    {
      "identity" : "lui",
      "kind" : "remoteSourceControl",
      "location" : "ssh://git@github.com/logseq/lui.git",
      "state" : {
        "branch" : "b4aca63c",
        "revision" : "b4aca63cd1c79fd7575d0d2c3a4b3652a6ff7e2e"
      }
    },
    {
      "identity" : "swiftui-math",
      "kind" : "remoteSourceControl",
      "location" : "https://github.com/gonzalezreal/swiftui-math",
      "state" : {
        "revision" : "0b5c2cfaaec8d6193db206f675048eeb5ce95f71",
        "version" : "0.1.0"
      }
    }
  ],
  "version" : 3
}
